
Microsoft Visual Studio Solution File, Format Version 12.00
# Visual Studio Version 16
VisualStudioVersion = 16.0.32602.291
MinimumVisualStudioVersion = 10.0.40219.1
Project("{FAE04EC0-301F-11D3-BF4B-00C04F79EFBC}") = "StudentProject", "StudentProject\StudentProject.csproj", "{F7C4F1A9-3C18-4DA2-91B2-386D35228106}"
EndProject
Global
	GlobalSection(SolutionConfigurationPlatforms) = preSolution
		Debug|Any CPU = Debug|Any CPU
		Release|Any CPU = Release|Any CPU
	EndGlobalSection
	GlobalSection(ProjectConfigurationPlatforms) = postSolution
		{F7C4F1A9-3C18-4DA2-91B2-386D35228106}.Debug|Any CPU.ActiveCfg = Debug|Any CPU
		{F7C4F1A9-3C18-4DA2-91B2-386D35228106}.Debug|Any CPU.Build.0 = Debug|Any CPU
		{F7C4F1A9-3C18-4DA2-91B2-386D35228106}.Release|Any CPU.ActiveCfg = Release|Any CPU
		{F7C4F1A9-3C18-4DA2-91B2-386D35228106}.Release|Any CPU.Build.0 = Release|Any CPU
	EndGlobalSection
	GlobalSection(SolutionProperties) = preSolution
		HideSolutionNode = FALSE
	EndGlobalSection
	GlobalSection(ExtensibilityGlobals) = postSolution
		SolutionGuid = {18253155-0FFB-4393-8D47-4BACED9E07FA}
	EndGlobalSection
EndGlobal
